// !$*UTF8*$!
{
	archiveVersion = 1;
	classes = {
	};
	objectVersion = 56;
	objects = {

/* Begin PBXBuildFile section */
		1539DDB42CAC2ED200407D52 /* AppDelegate.swift in Sources */ = {isa = PBXBuildFile; fileRef = 1539DDB32CAC2ED200407D52 /* AppDelegate.swift */; };
		1539DDB62CAC2ED200407D52 /* SceneDelegate.swift in Sources */ = {isa = PBXBuildFile; fileRef = 1539DDB52CAC2ED200407D52 /* SceneDelegate.swift */; };
		1539DDBB2CAC2ED200407D52 /* Main.storyboard in Resources */ = {isa = PBXBuildFile; fileRef = 1539DDB92CAC2ED200407D52 /* Main.storyboard */; };
		1539DDBD2CAC2ED300407D52 /* Assets.xcassets in Resources */ = {isa = PBXBuildFile; fileRef = 1539DDBC2CAC2ED300407D52 /* Assets.xcassets */; };
		1539DDC02CAC2ED300407D52 /* LaunchScreen.storyboard in Resources */ = {isa = PBXBuildFile; fileRef = 1539DDBE2CAC2ED300407D52 /* LaunchScreen.storyboard */; };
		1539DDC92CAC2EE500407D52 /* SnapKit in Frameworks */ = {isa = PBXBuildFile; productRef = 1539DDC82CAC2EE500407D52 /* SnapKit */; };
		1539DDCC2CAC2EF000407D52 /* CombineCocoa in Frameworks */ = {isa = PBXBuildFile; productRef = 1539DDCB2CAC2EF000407D52 /* CombineCocoa */; };
		1539DDD02CAC2F1B00407D52 /* LoadViewController.swift in Sources */ = {isa = PBXBuildFile; fileRef = 1539DDCF2CAC2F1B00407D52 /* LoadViewController.swift */; };
		1539DDD52CAC683A00407D52 /* OnbUserViewController.swift in Sources */ = {isa = PBXBuildFile; fileRef = 1539DDD42CAC683A00407D52 /* OnbUserViewController.swift */; };
		1539DDD72CAC688C00407D52 /* ViewModelOnbUser.swift in Sources */ = {isa = PBXBuildFile; fileRef = 1539DDD62CAC688C00407D52 /* ViewModelOnbUser.swift */; };
		1539DDDA2CAC717000407D52 /* SegmentedControlViewController.swift in Sources */ = {isa = PBXBuildFile; fileRef = 1539DDD92CAC717000407D52 /* SegmentedControlViewController.swift */; };
		1539DDDC2CAC752400407D52 /* SegmentedModel.swift in Sources */ = {isa = PBXBuildFile; fileRef = 1539DDDB2CAC752400407D52 /* SegmentedModel.swift */; };
		1539DDDF2CAC79E100407D52 /* ProfileViewController.swift in Sources */ = {isa = PBXBuildFile; fileRef = 1539DDDE2CAC79E100407D52 /* ProfileViewController.swift */; };
		1539DDE22CAC7ACD00407D52 /* NavController.swift in Sources */ = {isa = PBXBuildFile; fileRef = 1539DDE12CAC7ACD00407D52 /* NavController.swift */; };
		1539DDE52CAC7B5500407D52 /* SettingsViewController.swift in Sources */ = {isa = PBXBuildFile; fileRef = 1539DDE42CAC7B5500407D52 /* SettingsViewController.swift */; };
		1539DDEA2CAC7B7C00407D52 /* Image.swift in Sources */ = {isa = PBXBuildFile; fileRef = 1539DDE92CAC7B7C00407D52 /* Image.swift */; };
/* End PBXBuildFile section */

/* Begin PBXFileReference section */
		1539DDB02CAC2ED200407D52 /* WinSerf.app */ = {isa = PBXFileReference; explicitFileType = wrapper.application; includeInIndex = 0; path = WinSerf.app; sourceTree = BUILT_PRODUCTS_DIR; };
		1539DDB32CAC2ED200407D52 /* AppDelegate.swift */ = {isa = PBXFileReference; lastKnownFileType = sourcecode.swift; path = AppDelegate.swift; sourceTree = "<group>"; };
		1539DDB52CAC2ED200407D52 /* SceneDelegate.swift */ = {isa = PBXFileReference; lastKnownFileType = sourcecode.swift; path = SceneDelegate.swift; sourceTree = "<group>"; };
		1539DDBA2CAC2ED200407D52 /* Base */ = {isa = PBXFileReference; lastKnownFileType = file.storyboard; name = Base; path = Base.lproj/Main.storyboard; sourceTree = "<group>"; };
		1539DDBC2CAC2ED300407D52 /* Assets.xcassets */ = {isa = PBXFileReference; lastKnownFileType = folder.assetcatalog; path = Assets.xcassets; sourceTree = "<group>"; };
		1539DDBF2CAC2ED300407D52 /* Base */ = {isa = PBXFileReference; lastKnownFileType = file.storyboard; name = Base; path = Base.lproj/LaunchScreen.storyboard; sourceTree = "<group>"; };
		1539DDC12CAC2ED300407D52 /* Info.plist */ = {isa = PBXFileReference; lastKnownFileType = text.plist.xml; path = Info.plist; sourceTree = "<group>"; };
		1539DDCF2CAC2F1B00407D52 /* LoadViewController.swift */ = {isa = PBXFileReference; lastKnownFileType = sourcecode.swift; path = LoadViewController.swift; sourceTree = "<group>"; };
		1539DDD42CAC683A00407D52 /* OnbUserViewController.swift */ = {isa = PBXFileReference; lastKnownFileType = sourcecode.swift; path = OnbUserViewController.swift; sourceTree = "<group>"; };
		1539DDD62CAC688C00407D52 /* ViewModelOnbUser.swift */ = {isa = PBXFileReference; lastKnownFileType = sourcecode.swift; path = ViewModelOnbUser.swift; sourceTree = "<group>"; };
		1539DDD92CAC717000407D52 /* SegmentedControlViewController.swift */ = {isa = PBXFileReference; lastKnownFileType = sourcecode.swift; path = SegmentedControlViewController.swift; sourceTree = "<group>"; };
		1539DDDB2CAC752400407D52 /* SegmentedModel.swift */ = {isa = PBXFileReference; lastKnownFileType = sourcecode.swift; path = SegmentedModel.swift; sourceTree = "<group>"; };
		1539DDDE2CAC79E100407D52 /* ProfileViewController.swift */ = {isa = PBXFileReference; lastKnownFileType = sourcecode.swift; path = ProfileViewController.swift; sourceTree = "<group>"; };
		1539DDE12CAC7ACD00407D52 /* NavController.swift */ = {isa = PBXFileReference; lastKnownFileType = sourcecode.swift; path = NavController.swift; sourceTree = "<group>"; };
		1539DDE42CAC7B5500407D52 /* SettingsViewController.swift */ = {isa = PBXFileReference; lastKnownFileType = sourcecode.swift; path = SettingsViewController.swift; sourceTree = "<group>"; };
		1539DDE92CAC7B7C00407D52 /* Image.swift */ = {isa = PBXFileReference; lastKnownFileType = sourcecode.swift; path = Image.swift; sourceTree = "<group>"; };
/* End PBXFileReference section */

/* Begin PBXFrameworksBuildPhase section */
		1539DDAD2CAC2ED200407D52 /* Frameworks */ = {
			isa = PBXFrameworksBuildPhase;
			buildActionMask = 2147483647;
			files = (
				1539DDCC2CAC2EF000407D52 /* CombineCocoa in Frameworks */,
				1539DDC92CAC2EE500407D52 /* SnapKit in Frameworks */,
			);
			runOnlyForDeploymentPostprocessing = 0;
		};
/* End PBXFrameworksBuildPhase section */

/* Begin PBXGroup section */
		1539DDA72CAC2ED200407D52 = {
			isa = PBXGroup;
			children = (
				1539DDB22CAC2ED200407D52 /* WinSerf */,
				1539DDB12CAC2ED200407D52 /* Products */,
			);
			sourceTree = "<group>";
		};
		1539DDB12CAC2ED200407D52 /* Products */ = {
			isa = PBXGroup;
			children = (
				1539DDB02CAC2ED200407D52 /* WinSerf.app */,
			);
			name = Products;
			sourceTree = "<group>";
		};
		1539DDB22CAC2ED200407D52 /* WinSerf */ = {
			isa = PBXGroup;
			children = (
				1539DDE32CAC7B4A00407D52 /* Settings */,
				1539DDE02CAC7AC100407D52 /* Ext */,
				1539DDDD2CAC79CF00407D52 /* ProfileController */,
				1539DDD82CAC6F5100407D52 /* SegmentedControl */,
				1539DDCE2CAC2F0D00407D52 /* LoadPage */,
				1539DDCD2CAC2EF600407D52 /* Support */,
				1539DDC12CAC2ED300407D52 /* Info.plist */,
			);
			path = WinSerf;
			sourceTree = "<group>";
		};
		1539DDCD2CAC2EF600407D52 /* Support */ = {
			isa = PBXGroup;
			children = (
				1539DDB52CAC2ED200407D52 /* SceneDelegate.swift */,
				1539DDB92CAC2ED200407D52 /* Main.storyboard */,
				1539DDBE2CAC2ED300407D52 /* LaunchScreen.storyboard */,
				1539DDBC2CAC2ED300407D52 /* Assets.xcassets */,
				1539DDB32CAC2ED200407D52 /* AppDelegate.swift */,
			);
			path = Support;
			sourceTree = "<group>";
		};
		1539DDCE2CAC2F0D00407D52 /* LoadPage */ = {
			isa = PBXGroup;
			children = (
				1539DDD32CAC682800407D52 /* OnbUser */,
				1539DDCF2CAC2F1B00407D52 /* LoadViewController.swift */,
			);
			path = LoadPage;
			sourceTree = "<group>";
		};
		1539DDD32CAC682800407D52 /* OnbUser */ = {
			isa = PBXGroup;
			children = (
				1539DDD42CAC683A00407D52 /* OnbUserViewController.swift */,
				1539DDD62CAC688C00407D52 /* ViewModelOnbUser.swift */,
			);
			path = OnbUser;
			sourceTree = "<group>";
		};
		1539DDD82CAC6F5100407D52 /* SegmentedControl */ = {
			isa = PBXGroup;
			children = (
				1539DDD92CAC717000407D52 /* SegmentedControlViewController.swift */,
				1539DDDB2CAC752400407D52 /* SegmentedModel.swift */,
			);
			path = SegmentedControl;
			sourceTree = "<group>";
		};
		1539DDDD2CAC79CF00407D52 /* ProfileController */ = {
			isa = PBXGroup;
			children = (
				1539DDDE2CAC79E100407D52 /* ProfileViewController.swift */,
			);
			path = ProfileController;
			sourceTree = "<group>";
		};
		1539DDE02CAC7AC100407D52 /* Ext */ = {
			isa = PBXGroup;
			children = (
				1539DDE12CAC7ACD00407D52 /* NavController.swift */,
				1539DDE92CAC7B7C00407D52 /* Image.swift */,
			);
			path = Ext;
			sourceTree = "<group>";
		};
		1539DDE32CAC7B4A00407D52 /* Settings */ = {
			isa = PBXGroup;
			children = (
				1539DDE42CAC7B5500407D52 /* SettingsViewController.swift */,
			);
			path = Settings;
			sourceTree = "<group>";
		};
/* End PBXGroup section */

/* Begin PBXNativeTarget section */
		1539DDAF2CAC2ED200407D52 /* WinSerf */ = {
			isa = PBXNativeTarget;
			buildConfigurationList = 1539DDC42CAC2ED300407D52 /* Build configuration list for PBXNativeTarget "WinSerf" */;
			buildPhases = (
				1539DDAC2CAC2ED200407D52 /* Sources */,
				1539DDAD2CAC2ED200407D52 /* Frameworks */,
				1539DDAE2CAC2ED200407D52 /* Resources */,
			);
			buildRules = (
			);
			dependencies = (
			);
			name = WinSerf;
			packageProductDependencies = (
				1539DDC82CAC2EE500407D52 /* SnapKit */,
				1539DDCB2CAC2EF000407D52 /* CombineCocoa */,
			);
			productName = WinSerf;
			productReference = 1539DDB02CAC2ED200407D52 /* WinSerf.app */;
			productType = "com.apple.product-type.application";
		};
/* End PBXNativeTarget section */

/* Begin PBXProject section */
		1539DDA82CAC2ED200407D52 /* Project object */ = {
			isa = PBXProject;
			attributes = {
				BuildIndependentTargetsInParallel = 1;
				LastSwiftUpdateCheck = 1520;
				LastUpgradeCheck = 1520;
				TargetAttributes = {
					1539DDAF2CAC2ED200407D52 = {
						CreatedOnToolsVersion = 15.2;
					};
				};
			};
			buildConfigurationList = 1539DDAB2CAC2ED200407D52 /* Build configuration list for PBXProject "WinSerf" */;
			compatibilityVersion = "Xcode 14.0";
			developmentRegion = en;
			hasScannedForEncodings = 0;
			knownRegions = (
				en,
				Base,
			);
			mainGroup = 1539DDA72CAC2ED200407D52;
			packageReferences = (
				1539DDC72CAC2EE500407D52 /* XCRemoteSwiftPackageReference "SnapKit" */,
				1539DDCA2CAC2EF000407D52 /* XCRemoteSwiftPackageReference "CombineCocoa" */,
			);
			productRefGroup = 1539DDB12CAC2ED200407D52 /* Products */;
			projectDirPath = "";
			projectRoot = "";
			targets = (
				1539DDAF2CAC2ED200407D52 /* WinSerf */,
			);
		};
/* End PBXProject section */

/* Begin PBXResourcesBuildPhase section */
		1539DDAE2CAC2ED200407D52 /* Resources */ = {
			isa = PBXResourcesBuildPhase;
			buildActionMask = 2147483647;
			files = (
				1539DDC02CAC2ED300407D52 /* LaunchScreen.storyboard in Resources */,
				1539DDBD2CAC2ED300407D52 /* Assets.xcassets in Resources */,
				1539DDBB2CAC2ED200407D52 /* Main.storyboard in Resources */,
			);
			runOnlyForDeploymentPostprocessing = 0;
		};
/* End PBXResourcesBuildPhase section */

/* Begin PBXSourcesBuildPhase section */
		1539DDAC2CAC2ED200407D52 /* Sources */ = {
			isa = PBXSourcesBuildPhase;
			buildActionMask = 2147483647;
			files = (
				1539DDD02CAC2F1B00407D52 /* LoadViewController.swift in Sources */,
				1539DDDC2CAC752400407D52 /* SegmentedModel.swift in Sources */,
				1539DDB42CAC2ED200407D52 /* AppDelegate.swift in Sources */,
				1539DDE52CAC7B5500407D52 /* SettingsViewController.swift in Sources */,
				1539DDB62CAC2ED200407D52 /* SceneDelegate.swift in Sources */,
				1539DDD72CAC688C00407D52 /* ViewModelOnbUser.swift in Sources */,
				1539DDE22CAC7ACD00407D52 /* NavController.swift in Sources */,
				1539DDD52CAC683A00407D52 /* OnbUserViewController.swift in Sources */,
				1539DDDF2CAC79E100407D52 /* ProfileViewController.swift in Sources */,
				1539DDEA2CAC7B7C00407D52 /* Image.swift in Sources */,
				1539DDDA2CAC717000407D52 /* SegmentedControlViewController.swift in Sources */,
			);
			runOnlyForDeploymentPostprocessing = 0;
		};
/* End PBXSourcesBuildPhase section */

/* Begin PBXVariantGroup section */
		1539DDB92CAC2ED200407D52 /* Main.storyboard */ = {
			isa = PBXVariantGroup;
			children = (
				1539DDBA2CAC2ED200407D52 /* Base */,
			);
			name = Main.storyboard;
			sourceTree = "<group>";
		};
		1539DDBE2CAC2ED300407D52 /* LaunchScreen.storyboard */ = {
			isa = PBXVariantGroup;
			children = (
				1539DDBF2CAC2ED300407D52 /* Base */,
			);
			name = LaunchScreen.storyboard;
			sourceTree = "<group>";
		};
/* End PBXVariantGroup section */

/* Begin XCBuildConfiguration section */
		1539DDC22CAC2ED300407D52 /* Debug */ = {
			isa = XCBuildConfiguration;
			buildSettings = {
				ALWAYS_SEARCH_USER_PATHS = NO;
				ASSETCATALOG_COMPILER_GENERATE_SWIFT_ASSET_SYMBOL_EXTENSIONS = YES;
				CLANG_ANALYZER_NONNULL = YES;
				CLANG_ANALYZER_NUMBER_OBJECT_CONVERSION = YES_AGGRESSIVE;
				CLANG_CXX_LANGUAGE_STANDARD = "gnu++20";
				CLANG_ENABLE_MODULES = YES;
				CLANG_ENABLE_OBJC_ARC = YES;
				CLANG_ENABLE_OBJC_WEAK = YES;
				CLANG_WARN_BLOCK_CAPTURE_AUTORELEASING = YES;
				CLANG_WARN_BOOL_CONVERSION = YES;
				CLANG_WARN_COMMA = YES;
				CLANG_WARN_CONSTANT_CONVERSION = YES;
				CLANG_WARN_DEPRECATED_OBJC_IMPLEMENTATIONS = YES;
				CLANG_WARN_DIRECT_OBJC_ISA_USAGE = YES_ERROR;
				CLANG_WARN_DOCUMENTATION_COMMENTS = YES;
				CLANG_WARN_EMPTY_BODY = YES;
				CLANG_WARN_ENUM_CONVERSION = YES;
				CLANG_WARN_INFINITE_RECURSION = YES;
				CLANG_WARN_INT_CONVERSION = YES;
				CLANG_WARN_NON_LITERAL_NULL_CONVERSION = YES;
				CLANG_WARN_OBJC_IMPLICIT_RETAIN_SELF = YES;
				CLANG_WARN_OBJC_LITERAL_CONVERSION = YES;
				CLANG_WARN_OBJC_ROOT_CLASS = YES_ERROR;
				CLANG_WARN_QUOTED_INCLUDE_IN_FRAMEWORK_HEADER = YES;
				CLANG_WARN_RANGE_LOOP_ANALYSIS = YES;
				CLANG_WARN_STRICT_PROTOTYPES = YES;
				CLANG_WARN_SUSPICIOUS_MOVE = YES;
				CLANG_WARN_UNGUARDED_AVAILABILITY = YES_AGGRESSIVE;
				CLANG_WARN_UNREACHABLE_CODE = YES;
				CLANG_WARN__DUPLICATE_METHOD_MATCH = YES;
				COPY_PHASE_STRIP = NO;
				DEBUG_INFORMATION_FORMAT = dwarf;
				ENABLE_STRICT_OBJC_MSGSEND = YES;
				ENABLE_TESTABILITY = YES;
				ENABLE_USER_SCRIPT_SANDBOXING = YES;
				GCC_C_LANGUAGE_STANDARD = gnu17;
				GCC_DYNAMIC_NO_PIC = NO;
				GCC_NO_COMMON_BLOCKS = YES;
				GCC_OPTIMIZATION_LEVEL = 0;
				GCC_PREPROCESSOR_DEFINITIONS = (
					"DEBUG=1",
					"$(inherited)",
				);
				GCC_WARN_64_TO_32_BIT_CONVERSION = YES;
				GCC_WARN_ABOUT_RETURN_TYPE = YES_ERROR;
				GCC_WARN_UNDECLARED_SELECTOR = YES;
				GCC_WARN_UNINITIALIZED_AUTOS = YES_AGGRESSIVE;
				GCC_WARN_UNUSED_FUNCTION = YES;
				GCC_WARN_UNUSED_VARIABLE = YES;
				IPHONEOS_DEPLOYMENT_TARGET = 17.2;
				LOCALIZATION_PREFERS_STRING_CATALOGS = YES;
				MTL_ENABLE_DEBUG_INFO = INCLUDE_SOURCE;
				MTL_FAST_MATH = YES;
				ONLY_ACTIVE_ARCH = YES;
				SDKROOT = iphoneos;
				SWIFT_ACTIVE_COMPILATION_CONDITIONS = "DEBUG $(inherited)";
				SWIFT_OPTIMIZATION_LEVEL = "-Onone";
			};
			name = Debug;
		};
		1539DDC32CAC2ED300407D52 /* Release */ = {
			isa = XCBuildConfiguration;
			buildSettings = {
				ALWAYS_SEARCH_USER_PATHS = NO;
				ASSETCATALOG_COMPILER_GENERATE_SWIFT_ASSET_SYMBOL_EXTENSIONS = YES;
				CLANG_ANALYZER_NONNULL = YES;
				CLANG_ANALYZER_NUMBER_OBJECT_CONVERSION = YES_AGGRESSIVE;
				CLANG_CXX_LANGUAGE_STANDARD = "gnu++20";
				CLANG_ENABLE_MODULES = YES;
				CLANG_ENABLE_OBJC_ARC = YES;
				CLANG_ENABLE_OBJC_WEAK = YES;
				CLANG_WARN_BLOCK_CAPTURE_AUTORELEASING = YES;
				CLANG_WARN_BOOL_CONVERSION = YES;
				CLANG_WARN_COMMA = YES;
				CLANG_WARN_CONSTANT_CONVERSION = YES;
				CLANG_WARN_DEPRECATED_OBJC_IMPLEMENTATIONS = YES;
				CLANG_WARN_DIRECT_OBJC_ISA_USAGE = YES_ERROR;
				CLANG_WARN_DOCUMENTATION_COMMENTS = YES;
				CLANG_WARN_EMPTY_BODY = YES;
				CLANG_WARN_ENUM_CONVERSION = YES;
				CLANG_WARN_INFINITE_RECURSION = YES;
				CLANG_WARN_INT_CONVERSION = YES;
				CLANG_WARN_NON_LITERAL_NULL_CONVERSION = YES;
				CLANG_WARN_OBJC_IMPLICIT_RETAIN_SELF = YES;
				CLANG_WARN_OBJC_LITERAL_CONVERSION = YES;
				CLANG_WARN_OBJC_ROOT_CLASS = YES_ERROR;
				CLANG_WARN_QUOTED_INCLUDE_IN_FRAMEWORK_HEADER = YES;
				CLANG_WARN_RANGE_LOOP_ANALYSIS = YES;
				CLANG_WARN_STRICT_PROTOTYPES = YES;
				CLANG_WARN_SUSPICIOUS_MOVE = YES;
				CLANG_WARN_UNGUARDED_AVAILABILITY = YES_AGGRESSIVE;
				CLANG_WARN_UNREACHABLE_CODE = YES;
				CLANG_WARN__DUPLICATE_METHOD_MATCH = YES;
				COPY_PHASE_STRIP = NO;
				DEBUG_INFORMATION_FORMAT = "dwarf-with-dsym";
				ENABLE_NS_ASSERTIONS = NO;
				ENABLE_STRICT_OBJC_MSGSEND = YES;
				ENABLE_USER_SCRIPT_SANDBOXING = YES;
				GCC_C_LANGUAGE_STANDARD = gnu17;
				GCC_NO_COMMON_BLOCKS = YES;
				GCC_WARN_64_TO_32_BIT_CONVERSION = YES;
				GCC_WARN_ABOUT_RETURN_TYPE = YES_ERROR;
				GCC_WARN_UNDECLARED_SELECTOR = YES;
				GCC_WARN_UNINITIALIZED_AUTOS = YES_AGGRESSIVE;
				GCC_WARN_UNUSED_FUNCTION = YES;
				GCC_WARN_UNUSED_VARIABLE = YES;
				IPHONEOS_DEPLOYMENT_TARGET = 17.2;
				LOCALIZATION_PREFERS_STRING_CATALOGS = YES;
				MTL_ENABLE_DEBUG_INFO = NO;
				MTL_FAST_MATH = YES;
				SDKROOT = iphoneos;
				SWIFT_COMPILATION_MODE = wholemodule;
				VALIDATE_PRODUCT = YES;
			};
			name = Release;
		};
		1539DDC52CAC2ED300407D52 /* Debug */ = {
			isa = XCBuildConfiguration;
			buildSettings = {
				ASSETCATALOG_COMPILER_APPICON_NAME = AppIcon;
				ASSETCATALOG_COMPILER_GLOBAL_ACCENT_COLOR_NAME = AccentColor;
				CODE_SIGN_STYLE = Automatic;
				CURRENT_PROJECT_VERSION = 1;
				GENERATE_INFOPLIST_FILE = YES;
				INFOPLIST_FILE = WinSerf/Info.plist;
				INFOPLIST_KEY_CFBundleDisplayName = WinSerf;
				INFOPLIST_KEY_UIApplicationSupportsIndirectInputEvents = YES;
				INFOPLIST_KEY_UILaunchStoryboardName = LaunchScreen;
				INFOPLIST_KEY_UIMainStoryboardFile = Main;
				INFOPLIST_KEY_UISupportedInterfaceOrientations_iPad = "UIInterfaceOrientationPortrait UIInterfaceOrientationPortraitUpsideDown UIInterfaceOrientationLandscapeLeft UIInterfaceOrientationLandscapeRight";
				INFOPLIST_KEY_UISupportedInterfaceOrientations_iPhone = "UIInterfaceOrientationPortrait UIInterfaceOrientationLandscapeLeft UIInterfaceOrientationLandscapeRight";
				IPHONEOS_DEPLOYMENT_TARGET = 13.0;
				LD_RUNPATH_SEARCH_PATHS = (
					"$(inherited)",
					"@executable_path/Frameworks",
				);
				MARKETING_VERSION = 1.0;
				PRODUCT_BUNDLE_IDENTIFIER = k.WinSerf;
				PRODUCT_NAME = "$(TARGET_NAME)";
				SUPPORTED_PLATFORMS = "iphoneos iphonesimulator";
				SUPPORTS_MACCATALYST = NO;
				SUPPORTS_XR_DESIGNED_FOR_IPHONE_IPAD = NO;
				SWIFT_EMIT_LOC_STRINGS = YES;
				SWIFT_VERSION = 5.0;
				TARGETED_DEVICE_FAMILY = "1,2";
			};
			name = Debug;
		};
		1539DDC62CAC2ED300407D52 /* Release */ = {
			isa = XCBuildConfiguration;
			buildSettings = {
				ASSETCATALOG_COMPILER_APPICON_NAME = AppIcon;
				ASSETCATALOG_COMPILER_GLOBAL_ACCENT_COLOR_NAME = AccentColor;
				CODE_SIGN_STYLE = Automatic;
				CURRENT_PROJECT_VERSION = 1;
				GENERATE_INFOPLIST_FILE = YES;
				INFOPLIST_FILE = WinSerf/Info.plist;
				INFOPLIST_KEY_CFBundleDisplayName = WinSerf;
				INFOPLIST_KEY_UIApplicationSupportsIndirectInputEvents = YES;
				INFOPLIST_KEY_UILaunchStoryboardName = LaunchScreen;
				INFOPLIST_KEY_UIMainStoryboardFile = Main;
				INFOPLIST_KEY_UISupportedInterfaceOrientations_iPad = "UIInterfaceOrientationPortrait UIInterfaceOrientationPortraitUpsideDown UIInterfaceOrientationLandscapeLeft UIInterfaceOrientationLandscapeRight";
				INFOPLIST_KEY_UISupportedInterfaceOrientations_iPhone = "UIInterfaceOrientationPortrait UIInterfaceOrientationLandscapeLeft UIInterfaceOrientationLandscapeRight";
				IPHONEOS_DEPLOYMENT_TARGET = 13.0;
				LD_RUNPATH_SEARCH_PATHS = (
					"$(inherited)",
					"@executable_path/Frameworks",
				);
				MARKETING_VERSION = 1.0;
				PRODUCT_BUNDLE_IDENTIFIER = k.WinSerf;
				PRODUCT_NAME = "$(TARGET_NAME)";
				SUPPORTED_PLATFORMS = "iphoneos iphonesimulator";
				SUPPORTS_MACCATALYST = NO;
				SUPPORTS_XR_DESIGNED_FOR_IPHONE_IPAD = NO;
				SWIFT_EMIT_LOC_STRINGS = YES;
				SWIFT_VERSION = 5.0;
				TARGETED_DEVICE_FAMILY = "1,2";
			};
			name = Release;
		};
/* End XCBuildConfiguration section */

/* Begin XCConfigurationList section */
		1539DDAB2CAC2ED200407D52 /* Build configuration list for PBXProject "WinSerf" */ = {
			isa = XCConfigurationList;
			buildConfigurations = (
				1539DDC22CAC2ED300407D52 /* Debug */,
				1539DDC32CAC2ED300407D52 /* Release */,
			);
			defaultConfigurationIsVisible = 0;
			defaultConfigurationName = Release;
		};
		1539DDC42CAC2ED300407D52 /* Build configuration list for PBXNativeTarget "WinSerf" */ = {
			isa = XCConfigurationList;
			buildConfigurations = (
				1539DDC52CAC2ED300407D52 /* Debug */,
				1539DDC62CAC2ED300407D52 /* Release */,
			);
			defaultConfigurationIsVisible = 0;
			defaultConfigurationName = Release;
		};
/* End XCConfigurationList section */

/* Begin XCRemoteSwiftPackageReference section */
		1539DDC72CAC2EE500407D52 /* XCRemoteSwiftPackageReference "SnapKit" */ = {
			isa = XCRemoteSwiftPackageReference;
			repositoryURL = "https://github.com/SnapKit/SnapKit";
			requirement = {
				kind = upToNextMajorVersion;
				minimumVersion = 5.7.1;
			};
		};
		1539DDCA2CAC2EF000407D52 /* XCRemoteSwiftPackageReference "CombineCocoa" */ = {
			isa = XCRemoteSwiftPackageReference;
			repositoryURL = "https://github.com/CombineCommunity/CombineCocoa";
			requirement = {
				kind = upToNextMajorVersion;
				minimumVersion = 0.4.1;
			};
		};
/* End XCRemoteSwiftPackageReference section */

/* Begin XCSwiftPackageProductDependency section */
		1539DDC82CAC2EE500407D52 /* SnapKit */ = {
			isa = XCSwiftPackageProductDependency;
			package = 1539DDC72CAC2EE500407D52 /* XCRemoteSwiftPackageReference "SnapKit" */;
			productName = SnapKit;
		};
		1539DDCB2CAC2EF000407D52 /* CombineCocoa */ = {
			isa = XCSwiftPackageProductDependency;
			package = 1539DDCA2CAC2EF000407D52 /* XCRemoteSwiftPackageReference "CombineCocoa" */;
			productName = CombineCocoa;
		};
/* End XCSwiftPackageProductDependency section */
	};
	rootObject = 1539DDA82CAC2ED200407D52 /* Project object */;
}
